
Microsoft Visual Studio Solution File, Format Version 12.00
# Visual Studio Version 16
VisualStudioVersion = 16.0.32002.261
MinimumVisualStudioVersion = 10.0.40219.1
Project("{FAE04EC0-301F-11D3-BF4B-00C04F79EFBC}") = "EmployeeMVC", "EmployeeMVC\EmployeeMVC.csproj", "{31D5B3F2-BB8B-4EF0-9201-2D530F25C484}"
EndProject
Global
	GlobalSection(SolutionConfigurationPlatforms) = preSolution
		Debug|Any CPU = Debug|Any CPU
		Release|Any CPU = Release|Any CPU
	EndGlobalSection
	GlobalSection(ProjectConfigurationPlatforms) = postSolution
		{31D5B3F2-BB8B-4EF0-9201-2D530F25C484}.Debug|Any CPU.ActiveCfg = Debug|Any CPU
		{31D5B3F2-BB8B-4EF0-9201-2D530F25C484}.Debug|Any CPU.Build.0 = Debug|Any CPU
		{31D5B3F2-BB8B-4EF0-9201-2D530F25C484}.Release|Any CPU.ActiveCfg = Release|Any CPU
		{31D5B3F2-BB8B-4EF0-9201-2D530F25C484}.Release|Any CPU.Build.0 = Release|Any CPU
	EndGlobalSection
	GlobalSection(SolutionProperties) = preSolution
		HideSolutionNode = FALSE
	EndGlobalSection
	GlobalSection(ExtensibilityGlobals) = postSolution
		SolutionGuid = {9AF9109B-6ACC-4E76-A10F-6AE118D53404}
	EndGlobalSection
EndGlobal
